
Microsoft Visual Studio Solution File, Format Version 12.00
# Visual Studio Version 16
VisualStudioVersion = 16.0.31410.357
MinimumVisualStudioVersion = 10.0.40219.1
Project("{FAE04EC0-301F-11D3-BF4B-00C04F79EFBC}") = "QRCodeReader", "QRCodeReader\QRCodeReader.csproj", "{F01090BA-E118-4CA5-BE1E-3233D841E473}"
EndProject
Global
	GlobalSection(SolutionConfigurationPlatforms) = preSolution
		Debug|Any CPU = Debug|Any CPU
		Release|Any CPU = Release|Any CPU
	EndGlobalSection
	GlobalSection(ProjectConfigurationPlatforms) = postSolution
		{F01090BA-E118-4CA5-BE1E-3233D841E473}.Debug|Any CPU.ActiveCfg = Debug|Any CPU
		{F01090BA-E118-4CA5-BE1E-3233D841E473}.Debug|Any CPU.Build.0 = Debug|Any CPU
		{F01090BA-E118-4CA5-BE1E-3233D841E473}.Release|Any CPU.ActiveCfg = Release|Any CPU
		{F01090BA-E118-4CA5-BE1E-3233D841E473}.Release|Any CPU.Build.0 = Release|Any CPU
	EndGlobalSection
	GlobalSection(SolutionProperties) = preSolution
		HideSolutionNode = FALSE
	EndGlobalSection
	GlobalSection(ExtensibilityGlobals) = postSolution
		SolutionGuid = {DA01F330-81B1-4ED5-9818-51FB8C69745B}
	EndGlobalSection
EndGlobal
